PODS:
  - SDWebImage (5.0.4):
    - SDWebImage/Core (= 5.0.4)
  - SDWebImage/Core (5.0.4)

DEPENDENCIES:
  - SDWebImage (~> 5.0)

SPEC REPOS:
  https://github.com/cocoapods/specs.git:
    - SDWebImage

SPEC CHECKSUMS:
  SDWebImage: c739016e4bdf0a4a1f9a04b5e0385395ad63a282

PODFILE CHECKSUM: d97ed310fc0cfd06fc730621a00bda05a62daedb

COCOAPODS: 1.5.3
